// !$*UTF8*$!
{
	archiveVersion = 1;
	classes = {
	};
	objectVersion = 46;
	objects = {

/* Begin PBXBuildFile section */
		190649E09C334B32B1B7638E /* libPods.a in Frameworks */ = {isa = PBXBuildFile; fileRef = ABC8C2FC55B148E69CEE155A /* libPods.a */; };
		1D3623260D0F684500981E51 /* AppDelegate.m in Sources */ = {isa = PBXBuildFile; fileRef = 1D3623250D0F684500981E51 /* AppDelegate.m */; };
		1D60589B0D05DD56006BFB54 /* main.m in Sources */ = {isa = PBXBuildFile; fileRef = 29B97316FDCFA39411CA2CEA /* main.m */; };
		1D60589F0D05DD5A006BFB54 /* Foundation.framework in Frameworks */ = {isa = PBXBuildFile; fileRef = 1D30AB110D05D00D00671497 /* Foundation.framework */; };
		1DF5F4E00D08C38300B7A737 /* UIKit.framework in Frameworks */ = {isa = PBXBuildFile; fileRef = 1DF5F4DF0D08C38300B7A737 /* UIKit.framework */; };
		288765FD0DF74451002DB57D /* CoreGraphics.framework in Frameworks */ = {isa = PBXBuildFile; fileRef = 288765FC0DF74451002DB57D /* CoreGraphics.framework */; };
		BB08844C16E3D76D00BE10F8 /* blowfish.png in Resources */ = {isa = PBXBuildFile; fileRef = BB08844B16E3D76D00BE10F8 /* blowfish.png */; };
		DE0C71011624177000357F6E /* Default.png in Resources */ = {isa = PBXBuildFile; fileRef = DE0C71001624177000357F6E /* Default.png */; };
		DE0C71031624177500357F6E /* Default@2x.png in Resources */ = {isa = PBXBuildFile; fileRef = DE0C71021624177500357F6E /* Default@2x.png */; };
		DE0C71051624177800357F6E /* Default-568h@2x.png in Resources */ = {isa = PBXBuildFile; fileRef = DE0C71041624177800357F6E /* Default-568h@2x.png */; };
		DE0C71071624178400357F6E /* Default-Portrait~ipad.png in Resources */ = {isa = PBXBuildFile; fileRef = DE0C71061624178400357F6E /* Default-Portrait~ipad.png */; };
		DE0C71091624179300357F6E /* Default-Landscape~ipad.png in Resources */ = {isa = PBXBuildFile; fileRef = DE0C71081624179300357F6E /* Default-Landscape~ipad.png */; };
		DE0C710B162417A600357F6E /* Icon.png in Resources */ = {isa = PBXBuildFile; fileRef = DE0C710A162417A600357F6E /* Icon.png */; };
		DE0C710D162417AC00357F6E /* Icon~ipad.png in Resources */ = {isa = PBXBuildFile; fileRef = DE0C710C162417AC00357F6E /* Icon~ipad.png */; };
		DE0C710F162417B400357F6E /* Icon@2x.png in Resources */ = {isa = PBXBuildFile; fileRef = DE0C710E162417B400357F6E /* Icon@2x.png */; };
		DE0C7111162417B800357F6E /* Icon@2x~ipad.png in Resources */ = {isa = PBXBuildFile; fileRef = DE0C7110162417B800357F6E /* Icon@2x~ipad.png */; };
		DE1FBDFD14F831A300E86642 /* SPResizeEvent.m in Sources */ = {isa = PBXBuildFile; fileRef = DE1FBDFC14F831A300E86642 /* SPResizeEvent.m */; };
		DE3F093811B7B9DC009D4DB0 /* AVFoundation.framework in Frameworks */ = {isa = PBXBuildFile; fileRef = DE3F093711B7B9DC009D4DB0 /* AVFoundation.framework */; };
		DE3F093A11B7B9DC009D4DB0 /* AudioToolbox.framework in Frameworks */ = {isa = PBXBuildFile; fileRef = DE3F093911B7B9DC009D4DB0 /* AudioToolbox.framework */; };
		DE3F097811B7BABD009D4DB0 /* OpenAL.framework in Frameworks */ = {isa = PBXBuildFile; fileRef = DE3F097711B7BABD009D4DB0 /* OpenAL.framework */; };
		DE4A3D7A10FFB08200FDA492 /* OpenGLES.framework in Frameworks */ = {isa = PBXBuildFile; fileRef = DE4A3D7910FFB08200FDA492 /* OpenGLES.framework */; };
		DE4A3D7F10FFB08B00FDA492 /* QuartzCore.framework in Frameworks */ = {isa = PBXBuildFile; fileRef = DE4A3D7E10FFB08B00FDA492 /* QuartzCore.framework */; };
		DE4A3DE510FFB2AF00FDA492 /* Game.m in Sources */ = {isa = PBXBuildFile; fileRef = DE4A3DE410FFB2AF00FDA492 /* Game.m */; };
		DE4F80C714E1481C00655D44 /* ViewController.m in Sources */ = {isa = PBXBuildFile; fileRef = DE4F80C614E1481B00655D44 /* ViewController.m */; };
		DE4F80D614E153E600655D44 /* Media.m in Sources */ = {isa = PBXBuildFile; fileRef = DE4F80D514E153E600655D44 /* Media.m */; };
		DE5C4E6E138ED109004892CA /* libz.dylib in Frameworks */ = {isa = PBXBuildFile; fileRef = DE5C4E6D138ED109004892CA /* libz.dylib */; };
		DE88295114ECF12000773036 /* GameController.m in Sources */ = {isa = PBXBuildFile; fileRef = DE88295014ECF11F00773036 /* GameController.m */; };
		DECF454814F2E527006A4287 /* SPOverlayView.m in Sources */ = {isa = PBXBuildFile; fileRef = DECF454714F2E527006A4287 /* SPOverlayView.m */; };
/* End PBXBuildFile section */

/* Begin PBXFileReference section */
		1D30AB110D05D00D00671497 /* Foundation.framework */ = {isa = PBXFileReference; lastKnownFileType = wrapper.framework; name = Foundation.framework; path = System/Library/Frameworks/Foundation.framework; sourceTree = SDKROOT; };
		1D3623240D0F684500981E51 /* AppDelegate.h */ = {isa = PBXFileReference; fileEncoding = 4; lastKnownFileType = sourcecode.c.h; path = AppDelegate.h; sourceTree = "<group>"; };
		1D3623250D0F684500981E51 /* AppDelegate.m */ = {isa = PBXFileReference; fileEncoding = 4; lastKnownFileType = sourcecode.c.objc; path = AppDelegate.m; sourceTree = "<group>"; };
		1D6058910D05DD3D006BFB54 /* SparrowSimpleBenchmark.app */ = {isa = PBXFileReference; explicitFileType = wrapper.application; includeInIndex = 0; path = SparrowSimpleBenchmark.app; sourceTree = BUILT_PRODUCTS_DIR; };
		1DF5F4DF0D08C38300B7A737 /* UIKit.framework */ = {isa = PBXFileReference; lastKnownFileType = wrapper.framework; name = UIKit.framework; path = System/Library/Frameworks/UIKit.framework; sourceTree = SDKROOT; };
		288765FC0DF74451002DB57D /* CoreGraphics.framework */ = {isa = PBXFileReference; lastKnownFileType = wrapper.framework; name = CoreGraphics.framework; path = System/Library/Frameworks/CoreGraphics.framework; sourceTree = SDKROOT; };
		29B97316FDCFA39411CA2CEA /* main.m */ = {isa = PBXFileReference; fileEncoding = 4; lastKnownFileType = sourcecode.c.objc; path = main.m; sourceTree = "<group>"; };
		32CA4F630368D1EE00C91783 /* App-Prefix.pch */ = {isa = PBXFileReference; fileEncoding = 4; lastKnownFileType = sourcecode.c.h; path = "App-Prefix.pch"; sourceTree = "<group>"; };
		8D1107310486CEB800E47090 /* App-Info.plist */ = {isa = PBXFileReference; fileEncoding = 4; lastKnownFileType = text.plist.xml; path = "App-Info.plist"; plistStructureDefinitionIdentifier = "com.apple.xcode.plist.structure-definition.iphone.info-plist"; sourceTree = "<group>"; };
		ABC8C2FC55B148E69CEE155A /* libPods.a */ = {isa = PBXFileReference; explicitFileType = archive.ar; includeInIndex = 0; path = libPods.a; sourceTree = BUILT_PRODUCTS_DIR; };
		BB08844B16E3D76D00BE10F8 /* blowfish.png */ = {isa = PBXFileReference; lastKnownFileType = image.png; path = blowfish.png; sourceTree = SOURCE_ROOT; };
		D1638DABAD574FAC87EC667D /* Pods.xcconfig */ = {isa = PBXFileReference; includeInIndex = 1; lastKnownFileType = text.xcconfig; name = Pods.xcconfig; path = Pods/Pods.xcconfig; sourceTree = SOURCE_ROOT; };
		DE0C71001624177000357F6E /* Default.png */ = {isa = PBXFileReference; lastKnownFileType = image.png; path = Default.png; sourceTree = "<group>"; };
		DE0C71021624177500357F6E /* Default@2x.png */ = {isa = PBXFileReference; lastKnownFileType = image.png; path = "Default@2x.png"; sourceTree = "<group>"; };
		DE0C71041624177800357F6E /* Default-568h@2x.png */ = {isa = PBXFileReference; lastKnownFileType = image.png; path = "Default-568h@2x.png"; sourceTree = "<group>"; };
		DE0C71061624178400357F6E /* Default-Portrait~ipad.png */ = {isa = PBXFileReference; lastKnownFileType = image.png; path = "Default-Portrait~ipad.png"; sourceTree = "<group>"; };
		DE0C71081624179300357F6E /* Default-Landscape~ipad.png */ = {isa = PBXFileReference; lastKnownFileType = image.png; path = "Default-Landscape~ipad.png"; sourceTree = "<group>"; };
		DE0C710A162417A600357F6E /* Icon.png */ = {isa = PBXFileReference; lastKnownFileType = image.png; path = Icon.png; sourceTree = "<group>"; };
		DE0C710C162417AC00357F6E /* Icon~ipad.png */ = {isa = PBXFileReference; lastKnownFileType = image.png; path = "Icon~ipad.png"; sourceTree = "<group>"; };
		DE0C710E162417B400357F6E /* Icon@2x.png */ = {isa = PBXFileReference; lastKnownFileType = image.png; path = "Icon@2x.png"; sourceTree = "<group>"; };
		DE0C7110162417B800357F6E /* Icon@2x~ipad.png */ = {isa = PBXFileReference; lastKnownFileType = image.png; path = "Icon@2x~ipad.png"; sourceTree = "<group>"; };
		DE1FBDFB14F831A300E86642 /* SPResizeEvent.h */ = {isa = PBXFileReference; fileEncoding = 4; lastKnownFileType = sourcecode.c.h; path = SPResizeEvent.h; sourceTree = "<group>"; };
		DE1FBDFC14F831A300E86642 /* SPResizeEvent.m */ = {isa = PBXFileReference; fileEncoding = 4; lastKnownFileType = sourcecode.c.objc; path = SPResizeEvent.m; sourceTree = "<group>"; };
		DE3F093711B7B9DC009D4DB0 /* AVFoundation.framework */ = {isa = PBXFileReference; lastKnownFileType = wrapper.framework; name = AVFoundation.framework; path = System/Library/Frameworks/AVFoundation.framework; sourceTree = SDKROOT; };
		DE3F093911B7B9DC009D4DB0 /* AudioToolbox.framework */ = {isa = PBXFileReference; lastKnownFileType = wrapper.framework; name = AudioToolbox.framework; path = System/Library/Frameworks/AudioToolbox.framework; sourceTree = SDKROOT; };
		DE3F097711B7BABD009D4DB0 /* OpenAL.framework */ = {isa = PBXFileReference; lastKnownFileType = wrapper.framework; name = OpenAL.framework; path = System/Library/Frameworks/OpenAL.framework; sourceTree = SDKROOT; };
		DE4A3D7910FFB08200FDA492 /* OpenGLES.framework */ = {isa = PBXFileReference; lastKnownFileType = wrapper.framework; name = OpenGLES.framework; path = System/Library/Frameworks/OpenGLES.framework; sourceTree = SDKROOT; };
		DE4A3D7E10FFB08B00FDA492 /* QuartzCore.framework */ = {isa = PBXFileReference; lastKnownFileType = wrapper.framework; name = QuartzCore.framework; path = System/Library/Frameworks/QuartzCore.framework; sourceTree = SDKROOT; };
		DE4A3DE310FFB2AF00FDA492 /* Game.h */ = {isa = PBXFileReference; fileEncoding = 4; lastKnownFileType = sourcecode.c.h; path = Game.h; sourceTree = "<group>"; };
		DE4A3DE410FFB2AF00FDA492 /* Game.m */ = {isa = PBXFileReference; fileEncoding = 4; lastKnownFileType = sourcecode.c.objc; path = Game.m; sourceTree = "<group>"; };
		DE4F80C514E1481B00655D44 /* ViewController.h */ = {isa = PBXFileReference; fileEncoding = 4; lastKnownFileType = sourcecode.c.h; path = ViewController.h; sourceTree = "<group>"; };
		DE4F80C614E1481B00655D44 /* ViewController.m */ = {isa = PBXFileReference; fileEncoding = 4; lastKnownFileType = sourcecode.c.objc; path = ViewController.m; sourceTree = "<group>"; };
		DE4F80D414E153E600655D44 /* Media.h */ = {isa = PBXFileReference; fileEncoding = 4; lastKnownFileType = sourcecode.c.h; path = Media.h; sourceTree = "<group>"; };
		DE4F80D514E153E600655D44 /* Media.m */ = {isa = PBXFileReference; fileEncoding = 4; lastKnownFileType = sourcecode.c.objc; path = Media.m; sourceTree = "<group>"; };
		DE5C4E6D138ED109004892CA /* libz.dylib */ = {isa = PBXFileReference; lastKnownFileType = "compiled.mach-o.dylib"; name = libz.dylib; path = usr/lib/libz.dylib; sourceTree = SDKROOT; };
		DE88294F14ECF11F00773036 /* GameController.h */ = {isa = PBXFileReference; fileEncoding = 4; lastKnownFileType = sourcecode.c.h; path = GameController.h; sourceTree = "<group>"; };
		DE88295014ECF11F00773036 /* GameController.m */ = {isa = PBXFileReference; fileEncoding = 4; lastKnownFileType = sourcecode.c.objc; path = GameController.m; sourceTree = "<group>"; };
		DECF454614F2E527006A4287 /* SPOverlayView.h */ = {isa = PBXFileReference; fileEncoding = 4; lastKnownFileType = sourcecode.c.h; path = SPOverlayView.h; sourceTree = "<group>"; };
		DECF454714F2E527006A4287 /* SPOverlayView.m */ = {isa = PBXFileReference; fileEncoding = 4; lastKnownFileType = sourcecode.c.objc; path = SPOverlayView.m; sourceTree = "<group>"; };
/* End PBXFileReference section */

/* Begin PBXFrameworksBuildPhase section */
		1D60588F0D05DD3D006BFB54 /* Frameworks */ = {
			isa = PBXFrameworksBuildPhase;
			buildActionMask = 2147483647;
			files = (
				DE5C4E6E138ED109004892CA /* libz.dylib in Frameworks */,
				1D60589F0D05DD5A006BFB54 /* Foundation.framework in Frameworks */,
				1DF5F4E00D08C38300B7A737 /* UIKit.framework in Frameworks */,
				288765FD0DF74451002DB57D /* CoreGraphics.framework in Frameworks */,
				DE4A3D7A10FFB08200FDA492 /* OpenGLES.framework in Frameworks */,
				DE4A3D7F10FFB08B00FDA492 /* QuartzCore.framework in Frameworks */,
				DE3F093811B7B9DC009D4DB0 /* AVFoundation.framework in Frameworks */,
				DE3F093A11B7B9DC009D4DB0 /* AudioToolbox.framework in Frameworks */,
				DE3F097811B7BABD009D4DB0 /* OpenAL.framework in Frameworks */,
				190649E09C334B32B1B7638E /* libPods.a in Frameworks */,
			);
			runOnlyForDeploymentPostprocessing = 0;
		};
/* End PBXFrameworksBuildPhase section */

/* Begin PBXGroup section */
		080E96DDFE201D6D7F000001 /* Classes */ = {
			isa = PBXGroup;
			children = (
				DECF454314F2E45A006A4287 /* Support */,
				DE4F80D714E153EA00655D44 /* Game */,
				1D3623240D0F684500981E51 /* AppDelegate.h */,
				1D3623250D0F684500981E51 /* AppDelegate.m */,
				DE4F80C514E1481B00655D44 /* ViewController.h */,
				DE4F80C614E1481B00655D44 /* ViewController.m */,
			);
			path = Classes;
			sourceTree = "<group>";
		};
		19C28FACFE9D520D11CA2CBB /* Products */ = {
			isa = PBXGroup;
			children = (
				1D6058910D05DD3D006BFB54 /* SparrowSimpleBenchmark.app */,
			);
			name = Products;
			sourceTree = "<group>";
		};
		29B97314FDCFA39411CA2CEA /* CustomTemplate */ = {
			isa = PBXGroup;
			children = (
				080E96DDFE201D6D7F000001 /* Classes */,
				29B97315FDCFA39411CA2CEA /* Other Sources */,
				29B97317FDCFA39411CA2CEA /* Resources */,
				29B97323FDCFA39411CA2CEA /* Frameworks */,
				19C28FACFE9D520D11CA2CBB /* Products */,
				D1638DABAD574FAC87EC667D /* Pods.xcconfig */,
			);
			name = CustomTemplate;
			sourceTree = "<group>";
		};
		29B97315FDCFA39411CA2CEA /* Other Sources */ = {
			isa = PBXGroup;
			children = (
				32CA4F630368D1EE00C91783 /* App-Prefix.pch */,
				8D1107310486CEB800E47090 /* App-Info.plist */,
				29B97316FDCFA39411CA2CEA /* main.m */,
			);
			name = "Other Sources";
			sourceTree = "<group>";
		};
		29B97317FDCFA39411CA2CEA /* Resources */ = {
			isa = PBXGroup;
			children = (
				DE0C71121624180300357F6E /* system */,
				DE4F80DC14E1541400655D44 /* graphics */,
			);
			name = Resources;
			sourceTree = "<group>";
		};
		29B97323FDCFA39411CA2CEA /* Frameworks */ = {
			isa = PBXGroup;
			children = (
				DE5C4E6D138ED109004892CA /* libz.dylib */,
				DE3F093711B7B9DC009D4DB0 /* AVFoundation.framework */,
				DE3F093911B7B9DC009D4DB0 /* AudioToolbox.framework */,
				DE3F097711B7BABD009D4DB0 /* OpenAL.framework */,
				DE4A3D7E10FFB08B00FDA492 /* QuartzCore.framework */,
				DE4A3D7910FFB08200FDA492 /* OpenGLES.framework */,
				1DF5F4DF0D08C38300B7A737 /* UIKit.framework */,
				1D30AB110D05D00D00671497 /* Foundation.framework */,
				288765FC0DF74451002DB57D /* CoreGraphics.framework */,
				ABC8C2FC55B148E69CEE155A /* libPods.a */,
			);
			name = Frameworks;
			sourceTree = "<group>";
		};
		DE0C71121624180300357F6E /* system */ = {
			isa = PBXGroup;
			children = (
				DE0C71041624177800357F6E /* Default-568h@2x.png */,
				DE0C71081624179300357F6E /* Default-Landscape~ipad.png */,
				DE0C71061624178400357F6E /* Default-Portrait~ipad.png */,
				DE0C71001624177000357F6E /* Default.png */,
				DE0C71021624177500357F6E /* Default@2x.png */,
				DE0C710A162417A600357F6E /* Icon.png */,
				DE0C710E162417B400357F6E /* Icon@2x.png */,
				DE0C7110162417B800357F6E /* Icon@2x~ipad.png */,
				DE0C710C162417AC00357F6E /* Icon~ipad.png */,
			);
			name = system;
			sourceTree = "<group>";
		};
		DE4F80D714E153EA00655D44 /* Game */ = {
			isa = PBXGroup;
			children = (
				DE88294F14ECF11F00773036 /* GameController.h */,
				DE88295014ECF11F00773036 /* GameController.m */,
				DE4A3DE310FFB2AF00FDA492 /* Game.h */,
				DE4A3DE410FFB2AF00FDA492 /* Game.m */,
				DE4F80D414E153E600655D44 /* Media.h */,
				DE4F80D514E153E600655D44 /* Media.m */,
			);
			name = Game;
			sourceTree = "<group>";
		};
		DE4F80DC14E1541400655D44 /* graphics */ = {
			isa = PBXGroup;
			children = (
				BB08844B16E3D76D00BE10F8 /* blowfish.png */,
			);
			name = graphics;
			path = ../media/graphics;
			sourceTree = "<group>";
		};
		DECF454314F2E45A006A4287 /* Support */ = {
			isa = PBXGroup;
			children = (
				DECF454614F2E527006A4287 /* SPOverlayView.h */,
				DECF454714F2E527006A4287 /* SPOverlayView.m */,
				DE1FBDFB14F831A300E86642 /* SPResizeEvent.h */,
				DE1FBDFC14F831A300E86642 /* SPResizeEvent.m */,
			);
			name = Support;
			sourceTree = "<group>";
		};
/* End PBXGroup section */

/* Begin PBXNativeTarget section */
		1D6058900D05DD3D006BFB54 /* SparrowSimpleBenchmark */ = {
			isa = PBXNativeTarget;
			buildConfigurationList = 1D6058960D05DD3E006BFB54 /* Build configuration list for PBXNativeTarget "SparrowSimpleBenchmark" */;
			buildPhases = (
				1D60588D0D05DD3D006BFB54 /* Resources */,
				1D60588E0D05DD3D006BFB54 /* Sources */,
				1D60588F0D05DD3D006BFB54 /* Frameworks */,
				522B9D05A8A8436195601666 /* Copy Pods Resources */,
			);
			buildRules = (
			);
			dependencies = (
			);
			name = SparrowSimpleBenchmark;
			productName = AppScaffold;
			productReference = 1D6058910D05DD3D006BFB54 /* SparrowSimpleBenchmark.app */;
			productType = "com.apple.product-type.application";
		};
/* End PBXNativeTarget section */

/* Begin PBXProject section */
		29B97313FDCFA39411CA2CEA /* Project object */ = {
			isa = PBXProject;
			attributes = {
				LastUpgradeCheck = 0450;
			};
			buildConfigurationList = C01FCF4E08A954540054247B /* Build configuration list for PBXProject "SparrowSimpleBenchmark" */;
			compatibilityVersion = "Xcode 3.2";
			developmentRegion = English;
			hasScannedForEncodings = 1;
			knownRegions = (
				English,
				Japanese,
				French,
				German,
			);
			mainGroup = 29B97314FDCFA39411CA2CEA /* CustomTemplate */;
			projectDirPath = "";
			projectRoot = "";
			targets = (
				1D6058900D05DD3D006BFB54 /* SparrowSimpleBenchmark */,
			);
		};
/* End PBXProject section */

/* Begin PBXResourcesBuildPhase section */
		1D60588D0D05DD3D006BFB54 /* Resources */ = {
			isa = PBXResourcesBuildPhase;
			buildActionMask = 2147483647;
			files = (
				DE0C71011624177000357F6E /* Default.png in Resources */,
				DE0C71031624177500357F6E /* Default@2x.png in Resources */,
				DE0C71051624177800357F6E /* Default-568h@2x.png in Resources */,
				DE0C71071624178400357F6E /* Default-Portrait~ipad.png in Resources */,
				DE0C71091624179300357F6E /* Default-Landscape~ipad.png in Resources */,
				DE0C710B162417A600357F6E /* Icon.png in Resources */,
				DE0C710D162417AC00357F6E /* Icon~ipad.png in Resources */,
				DE0C710F162417B400357F6E /* Icon@2x.png in Resources */,
				DE0C7111162417B800357F6E /* Icon@2x~ipad.png in Resources */,
				BB08844C16E3D76D00BE10F8 /* blowfish.png in Resources */,
			);
			runOnlyForDeploymentPostprocessing = 0;
		};
/* End PBXResourcesBuildPhase section */

/* Begin PBXShellScriptBuildPhase section */
		522B9D05A8A8436195601666 /* Copy Pods Resources */ = {
			isa = PBXShellScriptBuildPhase;
			buildActionMask = 2147483647;
			files = (
			);
			inputPaths = (
			);
			name = "Copy Pods Resources";
			outputPaths = (
			);
			runOnlyForDeploymentPostprocessing = 0;
			shellPath = /bin/sh;
			shellScript = "\"${SRCROOT}/Pods/Pods-resources.sh\"\n";
		};
/* End PBXShellScriptBuildPhase section */

/* Begin PBXSourcesBuildPhase section */
		1D60588E0D05DD3D006BFB54 /* Sources */ = {
			isa = PBXSourcesBuildPhase;
			buildActionMask = 2147483647;
			files = (
				1D60589B0D05DD56006BFB54 /* main.m in Sources */,
				1D3623260D0F684500981E51 /* AppDelegate.m in Sources */,
				DE4A3DE510FFB2AF00FDA492 /* Game.m in Sources */,
				DE4F80C714E1481C00655D44 /* ViewController.m in Sources */,
				DE4F80D614E153E600655D44 /* Media.m in Sources */,
				DE88295114ECF12000773036 /* GameController.m in Sources */,
				DECF454814F2E527006A4287 /* SPOverlayView.m in Sources */,
				DE1FBDFD14F831A300E86642 /* SPResizeEvent.m in Sources */,
			);
			runOnlyForDeploymentPostprocessing = 0;
		};
/* End PBXSourcesBuildPhase section */

/* Begin XCBuildConfiguration section */
		1D6058940D05DD3E006BFB54 /* Debug */ = {
			isa = XCBuildConfiguration;
			baseConfigurationReference = D1638DABAD574FAC87EC667D /* Pods.xcconfig */;
			buildSettings = {
				CLANG_ENABLE_OBJC_ARC = YES;
				COPY_PHASE_STRIP = NO;
				GCC_DYNAMIC_NO_PIC = NO;
				GCC_OPTIMIZATION_LEVEL = 0;
				GCC_PRECOMPILE_PREFIX_HEADER = YES;
				GCC_PREFIX_HEADER = "App-Prefix.pch";
				GCC_VERSION = com.apple.compilers.llvm.clang.1_0;
				INFOPLIST_FILE = "App-Info.plist";
				IPHONEOS_DEPLOYMENT_TARGET = 5.1;
				PRODUCT_NAME = SparrowSimpleBenchmark;
				TARGETED_DEVICE_FAMILY = "1,2";
				USER_HEADER_SEARCH_PATHS = "";
			};
			name = Debug;
		};
		1D6058950D05DD3E006BFB54 /* Release */ = {
			isa = XCBuildConfiguration;
			baseConfigurationReference = D1638DABAD574FAC87EC667D /* Pods.xcconfig */;
			buildSettings = {
				CLANG_ENABLE_OBJC_ARC = YES;
				COPY_PHASE_STRIP = YES;
				GCC_PRECOMPILE_PREFIX_HEADER = YES;
				GCC_PREFIX_HEADER = "App-Prefix.pch";
				GCC_VERSION = com.apple.compilers.llvm.clang.1_0;
				INFOPLIST_FILE = "App-Info.plist";
				IPHONEOS_DEPLOYMENT_TARGET = 5.1;
				PRODUCT_NAME = SparrowSimpleBenchmark;
				TARGETED_DEVICE_FAMILY = "1,2";
				USER_HEADER_SEARCH_PATHS = "";
			};
			name = Release;
		};
		C01FCF4F08A954540054247B /* Debug */ = {
			isa = XCBuildConfiguration;
			buildSettings = {
				ARCHS = (
					armv6,
					armv7,
				);
				CODE_SIGN_IDENTITY = "iPhone Developer";
				"CODE_SIGN_IDENTITY[sdk=iphoneos*]" = "iPhone Developer";
				GCC_C_LANGUAGE_STANDARD = c99;
				GCC_THUMB_SUPPORT = NO;
				GCC_WARN_ABOUT_RETURN_TYPE = YES;
				GCC_WARN_UNUSED_VARIABLE = YES;
				OTHER_LDFLAGS = (
					"-ObjC",
					"-all_load",
				);
				PROVISIONING_PROFILE = "";
				SDKROOT = iphoneos;
				USER_HEADER_SEARCH_PATHS = "${SPARROW_SRC}/**";
			};
			name = Debug;
		};
		C01FCF5008A954540054247B /* Release */ = {
			isa = XCBuildConfiguration;
			buildSettings = {
				ARCHS = (
					armv6,
					armv7,
				);
				CODE_SIGN_IDENTITY = "iPhone Developer";
				"CODE_SIGN_IDENTITY[sdk=iphoneos*]" = "iPhone Developer";
				GCC_C_LANGUAGE_STANDARD = c99;
				GCC_THUMB_SUPPORT = NO;
				GCC_WARN_ABOUT_RETURN_TYPE = YES;
				GCC_WARN_UNUSED_VARIABLE = YES;
				OTHER_LDFLAGS = (
					"-ObjC",
					"-all_load",
				);
				PROVISIONING_PROFILE = "";
				SDKROOT = iphoneos;
				USER_HEADER_SEARCH_PATHS = "${SPARROW_SRC}/**";
			};
			name = Release;
		};
/* End XCBuildConfiguration section */

/* Begin XCConfigurationList section */
		1D6058960D05DD3E006BFB54 /* Build configuration list for PBXNativeTarget "SparrowSimpleBenchmark" */ = {
			isa = XCConfigurationList;
			buildConfigurations = (
				1D6058940D05DD3E006BFB54 /* Debug */,
				1D6058950D05DD3E006BFB54 /* Release */,
			);
			defaultConfigurationIsVisible = 0;
			defaultConfigurationName = Release;
		};
		C01FCF4E08A954540054247B /* Build configuration list for PBXProject "SparrowSimpleBenchmark" */ = {
			isa = XCConfigurationList;
			buildConfigurations = (
				C01FCF4F08A954540054247B /* Debug */,
				C01FCF5008A954540054247B /* Release */,
			);
			defaultConfigurationIsVisible = 0;
			defaultConfigurationName = Release;
		};
/* End XCConfigurationList section */
	};
	rootObject = 29B97313FDCFA39411CA2CEA /* Project object */;
}
